
Microsoft Visual Studio Solution File, Format Version 12.00
# Visual Studio 15
VisualStudioVersion = 15.0.28307.1259
MinimumVisualStudioVersion = 10.0.40219.1
Project("{FAE04EC0-301F-11D3-BF4B-00C04F79EFBC}") = "обработчик_результатов", "обработчик_результатов\обработчик_результатов.csproj", "{88CCE0C3-3E42-4388-9FE3-47977A6467AD}"
EndProject
Global
	GlobalSection(SolutionConfigurationPlatforms) = preSolution
		Debug|Any CPU = Debug|Any CPU
		Release|Any CPU = Release|Any CPU
	EndGlobalSection
	GlobalSection(ProjectConfigurationPlatforms) = postSolution
		{88CCE0C3-3E42-4388-9FE3-47977A6467AD}.Debug|Any CPU.ActiveCfg = Debug|Any CPU
		{88CCE0C3-3E42-4388-9FE3-47977A6467AD}.Debug|Any CPU.Build.0 = Debug|Any CPU
		{88CCE0C3-3E42-4388-9FE3-47977A6467AD}.Release|Any CPU.ActiveCfg = Release|Any CPU
		{88CCE0C3-3E42-4388-9FE3-47977A6467AD}.Release|Any CPU.Build.0 = Release|Any CPU
	EndGlobalSection
	GlobalSection(SolutionProperties) = preSolution
		HideSolutionNode = FALSE
	EndGlobalSection
	GlobalSection(ExtensibilityGlobals) = postSolution
		SolutionGuid = {7382A737-C529-40C6-88A0-3431FDC57628}
	EndGlobalSection
EndGlobal
